
Microsoft Visual Studio Solution File, Format Version 12.00
# Visual Studio 15
VisualStudioVersion = 15.0.28307.421
MinimumVisualStudioVersion = 10.0.40219.1
Project("{FAE04EC0-301F-11D3-BF4B-00C04F79EFBC}") = "McRaeIT", "McRaeIT\McRaeIT.csproj", "{16089D1D-FB86-4AD4-BFE5-3AD3D15371C3}"
EndProject
Global
	GlobalSection(SolutionConfigurationPlatforms) = preSolution
		Debug|Any CPU = Debug|Any CPU
		Release|Any CPU = Release|Any CPU
	EndGlobalSection
	GlobalSection(ProjectConfigurationPlatforms) = postSolution
		{16089D1D-FB86-4AD4-BFE5-3AD3D15371C3}.Debug|Any CPU.ActiveCfg = Debug|Any CPU
		{16089D1D-FB86-4AD4-BFE5-3AD3D15371C3}.Debug|Any CPU.Build.0 = Debug|Any CPU
		{16089D1D-FB86-4AD4-BFE5-3AD3D15371C3}.Release|Any CPU.ActiveCfg = Release|Any CPU
		{16089D1D-FB86-4AD4-BFE5-3AD3D15371C3}.Release|Any CPU.Build.0 = Release|Any CPU
	EndGlobalSection
	GlobalSection(SolutionProperties) = preSolution
		HideSolutionNode = FALSE
	EndGlobalSection
	GlobalSection(ExtensibilityGlobals) = postSolution
		SolutionGuid = {71EB6F8F-112C-4633-A89F-316F84720B00}
	EndGlobalSection
EndGlobal
